
Microsoft Visual Studio Solution File, Format Version 12.00
# Visual Studio Version 17
VisualStudioVersion = 17.4.33213.308
MinimumVisualStudioVersion = 10.0.40219.1
Project("{FAE04EC0-301F-11D3-BF4B-00C04F79EFBC}") = "project3", "project3\project3.csproj", "{3EC983AD-BBE6-41F0-A196-D0A6D3980E41}"
EndProject
Global
	GlobalSection(SolutionConfigurationPlatforms) = preSolution
		Debug|Any CPU = Debug|Any CPU
		Release|Any CPU = Release|Any CPU
	EndGlobalSection
	GlobalSection(ProjectConfigurationPlatforms) = postSolution
		{3EC983AD-BBE6-41F0-A196-D0A6D3980E41}.Debug|Any CPU.ActiveCfg = Debug|Any CPU
		{3EC983AD-BBE6-41F0-A196-D0A6D3980E41}.Debug|Any CPU.Build.0 = Debug|Any CPU
		{3EC983AD-BBE6-41F0-A196-D0A6D3980E41}.Release|Any CPU.ActiveCfg = Release|Any CPU
		{3EC983AD-BBE6-41F0-A196-D0A6D3980E41}.Release|Any CPU.Build.0 = Release|Any CPU
	EndGlobalSection
	GlobalSection(SolutionProperties) = preSolution
		HideSolutionNode = FALSE
	EndGlobalSection
	GlobalSection(ExtensibilityGlobals) = postSolution
		SolutionGuid = {E1D354D2-DEF6-42AE-A674-42A7BC4D7D30}
	EndGlobalSection
EndGlobal
